
Microsoft Visual Studio Solution File, Format Version 12.00
# Visual Studio Version 17
VisualStudioVersion = 17.3.32929.385
MinimumVisualStudioVersion = 10.0.40219.1
Project("{9A19103F-16F7-4668-BE54-9A1E7A4F7556}") = "PhotoAlbumViewer", "PhotoAlbumViewer\PhotoAlbumViewer.csproj", "{AEAA712C-762A-4D4E-9B7C-5B19E86D6E78}"
EndProject
Project("{FAE04EC0-301F-11D3-BF4B-00C04F79EFBC}") = "PhotoAlbumViewerTests", "PhotoAlbumViewerTests\PhotoAlbumViewerTests.csproj", "{7C6D67F0-89F9-4A8C-89DE-BC568A5FA310}"
EndProject
Global
	GlobalSection(SolutionConfigurationPlatforms) = preSolution
		Debug|Any CPU = Debug|Any CPU
		Release|Any CPU = Release|Any CPU
	EndGlobalSection
	GlobalSection(ProjectConfigurationPlatforms) = postSolution
		{AEAA712C-762A-4D4E-9B7C-5B19E86D6E78}.Debug|Any CPU.ActiveCfg = Debug|Any CPU
		{AEAA712C-762A-4D4E-9B7C-5B19E86D6E78}.Debug|Any CPU.Build.0 = Debug|Any CPU
		{AEAA712C-762A-4D4E-9B7C-5B19E86D6E78}.Release|Any CPU.ActiveCfg = Release|Any CPU
		{AEAA712C-762A-4D4E-9B7C-5B19E86D6E78}.Release|Any CPU.Build.0 = Release|Any CPU
		{7C6D67F0-89F9-4A8C-89DE-BC568A5FA310}.Debug|Any CPU.ActiveCfg = Debug|Any CPU
		{7C6D67F0-89F9-4A8C-89DE-BC568A5FA310}.Debug|Any CPU.Build.0 = Debug|Any CPU
		{7C6D67F0-89F9-4A8C-89DE-BC568A5FA310}.Release|Any CPU.ActiveCfg = Release|Any CPU
		{7C6D67F0-89F9-4A8C-89DE-BC568A5FA310}.Release|Any CPU.Build.0 = Release|Any CPU
	EndGlobalSection
	GlobalSection(SolutionProperties) = preSolution
		HideSolutionNode = FALSE
	EndGlobalSection
	GlobalSection(ExtensibilityGlobals) = postSolution
		SolutionGuid = {4CD98DDC-A840-4153-8DF6-07AF9997F5A2}
	EndGlobalSection
EndGlobal
